
Microsoft Visual Studio Solution File, Format Version 12.00
# Visual Studio 2013
VisualStudioVersion = 12.0.21005.1
MinimumVisualStudioVersion = 10.0.40219.1
Project("{FAE04EC0-301F-11D3-BF4B-00C04F79EFBC}") = "CSharpAPI", "IBConnection\csharpclient\CSharpAPI.csproj", "{8EDE0744-96C2-40B0-A8DC-37DF79370203}"
EndProject
Project("{2150E333-8FDC-42A3-9474-1A3956D46DE8}") = "IBConnection", "IBConnection", "{F62A6C2C-8EBF-4A27-840B-9F1E771AD53B}"
EndProject
Project("{FAE04EC0-301F-11D3-BF4B-00C04F79EFBC}") = "IBSamples", "IBConnection\IBSamples\IBSamples.csproj", "{F54B4AD1-305E-4089-A1A0-FB9EE5A84040}"
EndProject
Project("{FAE04EC0-301F-11D3-BF4B-00C04F79EFBC}") = "IBSampleApp", "IBConnection\IBSampleApp\IBSampleApp.csproj", "{CB7BDB4D-923F-4C4E-BB20-68DBDC33C10A}"
EndProject
Project("{2150E333-8FDC-42A3-9474-1A3956D46DE8}") = "TradingBase", "TradingBase", "{2F24EF41-2A61-4FAB-A5ED-E6B1D093BE96}"
EndProject
Project("{FAE04EC0-301F-11D3-BF4B-00C04F79EFBC}") = "IBConnectionTest", "IBConnection\IBConnectionTest\IBConnectionTest.csproj", "{568D0194-FEE7-460E-A036-B8FE72977C50}"
EndProject
Project("{FAE04EC0-301F-11D3-BF4B-00C04F79EFBC}") = "TradingBase", "TradingBase\TradingBase\TradingBase.csproj", "{3643A69A-080F-473C-B10C-2E22D42BF018}"
EndProject
Project("{2150E333-8FDC-42A3-9474-1A3956D46DE8}") = "TradingStrategies", "TradingStrategies", "{E0E7D840-6343-46D1-BA10-3F05A72B475E}"
EndProject
Project("{FAE04EC0-301F-11D3-BF4B-00C04F79EFBC}") = "ClassicStrategies", "TradingStrategies\ClassicStrategies\ClassicStrategies.csproj", "{056741A2-2EFE-417C-993B-25358CD42209}"
EndProject
Project("{2150E333-8FDC-42A3-9474-1A3956D46DE8}") = "BacktestAndDailyTools", "BacktestAndDailyTools", "{5783EFEC-A331-41F5-B108-DDFE92EF9544}"
EndProject
Project("{2150E333-8FDC-42A3-9474-1A3956D46DE8}") = "RealTimeTrading", "RealTimeTrading", "{3DFA349A-27C5-4FDF-B29F-3EB92FA0770B}"
EndProject
Project("{2150E333-8FDC-42A3-9474-1A3956D46DE8}") = "Modules", "Modules", "{8A577819-97C7-44FD-8EEC-470952C82250}"
EndProject
Project("{FAE04EC0-301F-11D3-BF4B-00C04F79EFBC}") = "Modules.Framework", "RealTimeTrading\Modules.Framework\Modules.Framework.csproj", "{235D3CC6-42AF-419C-ABDA-1342D38A0492}"
EndProject
Project("{FAE04EC0-301F-11D3-BF4B-00C04F79EFBC}") = "Modules.OrderAndPositions", "RealTimeTrading\Modules.OrderAndPositions\Modules.OrderAndPositions.csproj", "{1FDC25B8-AA4F-422A-B7F5-A569AFB1511D}"
EndProject
Project("{FAE04EC0-301F-11D3-BF4B-00C04F79EFBC}") = "Modules.OrderTicket", "RealTimeTrading\Modules.OrderTicket\Modules.OrderTicket.csproj", "{14A04210-E080-4879-BD10-185C3A41E68D}"
EndProject
Project("{FAE04EC0-301F-11D3-BF4B-00C04F79EFBC}") = "Modules.RealTimeQuotePresentation", "RealTimeTrading\Modules.RealTimeQuotePresentation\Modules.RealTimeQuotePresentation.csproj", "{0BD15B34-1A31-4581-8026-52028702CD2C}"
EndProject
Project("{FAE04EC0-301F-11D3-BF4B-00C04F79EFBC}") = "Modules.StrategyManager", "RealTimeTrading\Modules.StrategyManager\Modules.StrategyManager.csproj", "{AFCAB6B3-FB13-41B3-810B-0512F28B7005}"
EndProject
Project("{FAE04EC0-301F-11D3-BF4B-00C04F79EFBC}") = "QTShell", "RealTimeTrading\QTShell\QTShell.csproj", "{94A86196-452A-49DC-B0B8-CF4D85586877}"
EndProject
Project("{FAE04EC0-301F-11D3-BF4B-00C04F79EFBC}") = "DailyPreMarket", "BacktestAndDailyTools\DailyPreMarket\DailyPreMarket.csproj", "{F45525AF-F994-42AF-B468-8F0C4AB6571F}"
EndProject
Project("{FAE04EC0-301F-11D3-BF4B-00C04F79EFBC}") = "HistoricalDataDownloader", "BacktestAndDailyTools\HistoricalDataDownloader\HistoricalDataDownloader.csproj", "{51B0F25A-5E9F-4286-A26E-9891CB4DEC9F}"
EndProject
Project("{FAE04EC0-301F-11D3-BF4B-00C04F79EFBC}") = "BackTestWindow", "BacktestAndDailyTools\BackTestWindow\BackTestWindow.csproj", "{1B1BA4ED-1063-41FE-8681-E0E57AEA339A}"
EndProject
Project("{FAE04EC0-301F-11D3-BF4B-00C04F79EFBC}") = "TechnicalAnalysisEngine", "TradingBase\TechnicalAnalysisEngine\TechnicalAnalysisEngine.csproj", "{BDD75A47-C412-4C09-BC43-2CC2146ECA1D}"
EndProject
Project("{FAE04EC0-301F-11D3-BF4B-00C04F79EFBC}") = "MyStrategies", "TradingStrategies\MyStrategies\MyStrategies.csproj", "{C428F230-927F-480D-BB9C-FF5AFC649CF7}"
EndProject
Global
	GlobalSection(SolutionConfigurationPlatforms) = preSolution
		CD_ROM|Any CPU = CD_ROM|Any CPU
		CD_ROM|Mixed Platforms = CD_ROM|Mixed Platforms
		CD_ROM|x64 = CD_ROM|x64
		CD_ROM|x86 = CD_ROM|x86
		Debug|Any CPU = Debug|Any CPU
		Debug|Mixed Platforms = Debug|Mixed Platforms
		Debug|x64 = Debug|x64
		Debug|x86 = Debug|x86
		DVD-5|Any CPU = DVD-5|Any CPU
		DVD-5|Mixed Platforms = DVD-5|Mixed Platforms
		DVD-5|x64 = DVD-5|x64
		DVD-5|x86 = DVD-5|x86
		Release|Any CPU = Release|Any CPU
		Release|Mixed Platforms = Release|Mixed Platforms
		Release|x64 = Release|x64
		Release|x86 = Release|x86
		SingleImage|Any CPU = SingleImage|Any CPU
		SingleImage|Mixed Platforms = SingleImage|Mixed Platforms
		SingleImage|x64 = SingleImage|x64
		SingleImage|x86 = SingleImage|x86
	EndGlobalSection
	GlobalSection(ProjectConfigurationPlatforms) = postSolution
		{8EDE0744-96C2-40B0-A8DC-37DF79370203}.CD_ROM|Any CPU.ActiveCfg = Release|Any CPU
		{8EDE0744-96C2-40B0-A8DC-37DF79370203}.CD_ROM|Any CPU.Build.0 = Release|Any CPU
		{8EDE0744-96C2-40B0-A8DC-37DF79370203}.CD_ROM|Mixed Platforms.ActiveCfg = Release|x86
		{8EDE0744-96C2-40B0-A8DC-37DF79370203}.CD_ROM|Mixed Platforms.Build.0 = Release|x86
		{8EDE0744-96C2-40B0-A8DC-37DF79370203}.CD_ROM|x64.ActiveCfg = Release|x64
		{8EDE0744-96C2-40B0-A8DC-37DF79370203}.CD_ROM|x64.Build.0 = Release|x64
		{8EDE0744-96C2-40B0-A8DC-37DF79370203}.CD_ROM|x86.ActiveCfg = Release|x86
		{8EDE0744-96C2-40B0-A8DC-37DF79370203}.CD_ROM|x86.Build.0 = Release|x86
		{8EDE0744-96C2-40B0-A8DC-37DF79370203}.Debug|Any CPU.ActiveCfg = Debug|x86
		{8EDE0744-96C2-40B0-A8DC-37DF79370203}.Debug|Mixed Platforms.ActiveCfg = Debug|x64
		{8EDE0744-96C2-40B0-A8DC-37DF79370203}.Debug|Mixed Platforms.Build.0 = Debug|x64
		{8EDE0744-96C2-40B0-A8DC-37DF79370203}.Debug|x64.ActiveCfg = Debug|x64
		{8EDE0744-96C2-40B0-A8DC-37DF79370203}.Debug|x64.Build.0 = Debug|x64
		{8EDE0744-96C2-40B0-A8DC-37DF79370203}.Debug|x86.ActiveCfg = Debug|x86
		{8EDE0744-96C2-40B0-A8DC-37DF79370203}.Debug|x86.Build.0 = Debug|x86
		{8EDE0744-96C2-40B0-A8DC-37DF79370203}.DVD-5|Any CPU.ActiveCfg = Debug|Any CPU
		{8EDE0744-96C2-40B0-A8DC-37DF79370203}.DVD-5|Any CPU.Build.0 = Debug|Any CPU
		{8EDE0744-96C2-40B0-A8DC-37DF79370203}.DVD-5|Mixed Platforms.ActiveCfg = Debug|x86
		{8EDE0744-96C2-40B0-A8DC-37DF79370203}.DVD-5|Mixed Platforms.Build.0 = Debug|x86
		{8EDE0744-96C2-40B0-A8DC-37DF79370203}.DVD-5|x64.ActiveCfg = Debug|x64
		{8EDE0744-96C2-40B0-A8DC-37DF79370203}.DVD-5|x64.Build.0 = Debug|x64
		{8EDE0744-96C2-40B0-A8DC-37DF79370203}.DVD-5|x86.ActiveCfg = Debug|x86
		{8EDE0744-96C2-40B0-A8DC-37DF79370203}.DVD-5|x86.Build.0 = Debug|x86
		{8EDE0744-96C2-40B0-A8DC-37DF79370203}.Release|Any CPU.ActiveCfg = Release|x86
		{8EDE0744-96C2-40B0-A8DC-37DF79370203}.Release|Mixed Platforms.ActiveCfg = Release|x86
		{8EDE0744-96C2-40B0-A8DC-37DF79370203}.Release|Mixed Platforms.Build.0 = Release|x86
		{8EDE0744-96C2-40B0-A8DC-37DF79370203}.Release|x64.ActiveCfg = Release|x64
		{8EDE0744-96C2-40B0-A8DC-37DF79370203}.Release|x64.Build.0 = Release|x64
		{8EDE0744-96C2-40B0-A8DC-37DF79370203}.Release|x86.ActiveCfg = Release|x86
		{8EDE0744-96C2-40B0-A8DC-37DF79370203}.Release|x86.Build.0 = Release|x86
		{8EDE0744-96C2-40B0-A8DC-37DF79370203}.SingleImage|Any CPU.ActiveCfg = Release|Any CPU
		{8EDE0744-96C2-40B0-A8DC-37DF79370203}.SingleImage|Any CPU.Build.0 = Release|Any CPU
		{8EDE0744-96C2-40B0-A8DC-37DF79370203}.SingleImage|Mixed Platforms.ActiveCfg = Release|x86
		{8EDE0744-96C2-40B0-A8DC-37DF79370203}.SingleImage|Mixed Platforms.Build.0 = Release|x86
		{8EDE0744-96C2-40B0-A8DC-37DF79370203}.SingleImage|x64.ActiveCfg = Release|x64
		{8EDE0744-96C2-40B0-A8DC-37DF79370203}.SingleImage|x64.Build.0 = Release|x64
		{8EDE0744-96C2-40B0-A8DC-37DF79370203}.SingleImage|x86.ActiveCfg = Release|x86
		{8EDE0744-96C2-40B0-A8DC-37DF79370203}.SingleImage|x86.Build.0 = Release|x86
		{F54B4AD1-305E-4089-A1A0-FB9EE5A84040}.CD_ROM|Any CPU.ActiveCfg = Release|Any CPU
		{F54B4AD1-305E-4089-A1A0-FB9EE5A84040}.CD_ROM|Any CPU.Build.0 = Release|Any CPU
		{F54B4AD1-305E-4089-A1A0-FB9EE5A84040}.CD_ROM|Mixed Platforms.ActiveCfg = Release|x86
		{F54B4AD1-305E-4089-A1A0-FB9EE5A84040}.CD_ROM|Mixed Platforms.Build.0 = Release|x86
		{F54B4AD1-305E-4089-A1A0-FB9EE5A84040}.CD_ROM|x64.ActiveCfg = Release|x64
		{F54B4AD1-305E-4089-A1A0-FB9EE5A84040}.CD_ROM|x64.Build.0 = Release|x64
		{F54B4AD1-305E-4089-A1A0-FB9EE5A84040}.CD_ROM|x86.ActiveCfg = Release|x86
		{F54B4AD1-305E-4089-A1A0-FB9EE5A84040}.CD_ROM|x86.Build.0 = Release|x86
		{F54B4AD1-305E-4089-A1A0-FB9EE5A84040}.Debug|Any CPU.ActiveCfg = Debug|x86
		{F54B4AD1-305E-4089-A1A0-FB9EE5A84040}.Debug|Mixed Platforms.ActiveCfg = Debug|x64
		{F54B4AD1-305E-4089-A1A0-FB9EE5A84040}.Debug|Mixed Platforms.Build.0 = Debug|x64
		{F54B4AD1-305E-4089-A1A0-FB9EE5A84040}.Debug|x64.ActiveCfg = Debug|x64
		{F54B4AD1-305E-4089-A1A0-FB9EE5A84040}.Debug|x64.Build.0 = Debug|x64
		{F54B4AD1-305E-4089-A1A0-FB9EE5A84040}.Debug|x86.ActiveCfg = Debug|x86
		{F54B4AD1-305E-4089-A1A0-FB9EE5A84040}.Debug|x86.Build.0 = Debug|x86
		{F54B4AD1-305E-4089-A1A0-FB9EE5A84040}.DVD-5|Any CPU.ActiveCfg = Debug|Any CPU
		{F54B4AD1-305E-4089-A1A0-FB9EE5A84040}.DVD-5|Any CPU.Build.0 = Debug|Any CPU
		{F54B4AD1-305E-4089-A1A0-FB9EE5A84040}.DVD-5|Mixed Platforms.ActiveCfg = Debug|x86
		{F54B4AD1-305E-4089-A1A0-FB9EE5A84040}.DVD-5|Mixed Platforms.Build.0 = Debug|x86
		{F54B4AD1-305E-4089-A1A0-FB9EE5A84040}.DVD-5|x64.ActiveCfg = Debug|x64
		{F54B4AD1-305E-4089-A1A0-FB9EE5A84040}.DVD-5|x64.Build.0 = Debug|x64
		{F54B4AD1-305E-4089-A1A0-FB9EE5A84040}.DVD-5|x86.ActiveCfg = Debug|x86
		{F54B4AD1-305E-4089-A1A0-FB9EE5A84040}.DVD-5|x86.Build.0 = Debug|x86
		{F54B4AD1-305E-4089-A1A0-FB9EE5A84040}.Release|Any CPU.ActiveCfg = Release|x86
		{F54B4AD1-305E-4089-A1A0-FB9EE5A84040}.Release|Mixed Platforms.ActiveCfg = Release|x86
		{F54B4AD1-305E-4089-A1A0-FB9EE5A84040}.Release|Mixed Platforms.Build.0 = Release|x86
		{F54B4AD1-305E-4089-A1A0-FB9EE5A84040}.Release|x64.ActiveCfg = Release|x64
		{F54B4AD1-305E-4089-A1A0-FB9EE5A84040}.Release|x64.Build.0 = Release|x64
		{F54B4AD1-305E-4089-A1A0-FB9EE5A84040}.Release|x86.ActiveCfg = Release|x86
		{F54B4AD1-305E-4089-A1A0-FB9EE5A84040}.Release|x86.Build.0 = Release|x86
		{F54B4AD1-305E-4089-A1A0-FB9EE5A84040}.SingleImage|Any CPU.ActiveCfg = Release|Any CPU
		{F54B4AD1-305E-4089-A1A0-FB9EE5A84040}.SingleImage|Any CPU.Build.0 = Release|Any CPU
		{F54B4AD1-305E-4089-A1A0-FB9EE5A84040}.SingleImage|Mixed Platforms.ActiveCfg = Release|x86
		{F54B4AD1-305E-4089-A1A0-FB9EE5A84040}.SingleImage|Mixed Platforms.Build.0 = Release|x86
		{F54B4AD1-305E-4089-A1A0-FB9EE5A84040}.SingleImage|x64.ActiveCfg = Release|x64
		{F54B4AD1-305E-4089-A1A0-FB9EE5A84040}.SingleImage|x64.Build.0 = Release|x64
		{F54B4AD1-305E-4089-A1A0-FB9EE5A84040}.SingleImage|x86.ActiveCfg = Release|x86
		{F54B4AD1-305E-4089-A1A0-FB9EE5A84040}.SingleImage|x86.Build.0 = Release|x86
		{CB7BDB4D-923F-4C4E-BB20-68DBDC33C10A}.CD_ROM|Any CPU.ActiveCfg = Release|Any CPU
		{CB7BDB4D-923F-4C4E-BB20-68DBDC33C10A}.CD_ROM|Any CPU.Build.0 = Release|Any CPU
		{CB7BDB4D-923F-4C4E-BB20-68DBDC33C10A}.CD_ROM|Mixed Platforms.ActiveCfg = Release|x86
		{CB7BDB4D-923F-4C4E-BB20-68DBDC33C10A}.CD_ROM|Mixed Platforms.Build.0 = Release|x86
		{CB7BDB4D-923F-4C4E-BB20-68DBDC33C10A}.CD_ROM|x64.ActiveCfg = Release|x64
		{CB7BDB4D-923F-4C4E-BB20-68DBDC33C10A}.CD_ROM|x64.Build.0 = Release|x64
		{CB7BDB4D-923F-4C4E-BB20-68DBDC33C10A}.CD_ROM|x86.ActiveCfg = Release|x86
		{CB7BDB4D-923F-4C4E-BB20-68DBDC33C10A}.CD_ROM|x86.Build.0 = Release|x86
		{CB7BDB4D-923F-4C4E-BB20-68DBDC33C10A}.Debug|Any CPU.ActiveCfg = Debug|x86
		{CB7BDB4D-923F-4C4E-BB20-68DBDC33C10A}.Debug|Mixed Platforms.ActiveCfg = Debug|x64
		{CB7BDB4D-923F-4C4E-BB20-68DBDC33C10A}.Debug|Mixed Platforms.Build.0 = Debug|x64
		{CB7BDB4D-923F-4C4E-BB20-68DBDC33C10A}.Debug|x64.ActiveCfg = Debug|x64
		{CB7BDB4D-923F-4C4E-BB20-68DBDC33C10A}.Debug|x64.Build.0 = Debug|x64
		{CB7BDB4D-923F-4C4E-BB20-68DBDC33C10A}.Debug|x86.ActiveCfg = Debug|x86
		{CB7BDB4D-923F-4C4E-BB20-68DBDC33C10A}.Debug|x86.Build.0 = Debug|x86
		{CB7BDB4D-923F-4C4E-BB20-68DBDC33C10A}.DVD-5|Any CPU.ActiveCfg = Debug|Any CPU
		{CB7BDB4D-923F-4C4E-BB20-68DBDC33C10A}.DVD-5|Any CPU.Build.0 = Debug|Any CPU
		{CB7BDB4D-923F-4C4E-BB20-68DBDC33C10A}.DVD-5|Mixed Platforms.ActiveCfg = Debug|x86
		{CB7BDB4D-923F-4C4E-BB20-68DBDC33C10A}.DVD-5|Mixed Platforms.Build.0 = Debug|x86
		{CB7BDB4D-923F-4C4E-BB20-68DBDC33C10A}.DVD-5|x64.ActiveCfg = Debug|x64
		{CB7BDB4D-923F-4C4E-BB20-68DBDC33C10A}.DVD-5|x64.Build.0 = Debug|x64
		{CB7BDB4D-923F-4C4E-BB20-68DBDC33C10A}.DVD-5|x86.ActiveCfg = Debug|x86
		{CB7BDB4D-923F-4C4E-BB20-68DBDC33C10A}.DVD-5|x86.Build.0 = Debug|x86
		{CB7BDB4D-923F-4C4E-BB20-68DBDC33C10A}.Release|Any CPU.ActiveCfg = Release|x86
		{CB7BDB4D-923F-4C4E-BB20-68DBDC33C10A}.Release|Mixed Platforms.ActiveCfg = Release|x86
		{CB7BDB4D-923F-4C4E-BB20-68DBDC33C10A}.Release|Mixed Platforms.Build.0 = Release|x86
		{CB7BDB4D-923F-4C4E-BB20-68DBDC33C10A}.Release|x64.ActiveCfg = Release|x64
		{CB7BDB4D-923F-4C4E-BB20-68DBDC33C10A}.Release|x64.Build.0 = Release|x64
		{CB7BDB4D-923F-4C4E-BB20-68DBDC33C10A}.Release|x86.ActiveCfg = Release|x86
		{CB7BDB4D-923F-4C4E-BB20-68DBDC33C10A}.Release|x86.Build.0 = Release|x86
		{CB7BDB4D-923F-4C4E-BB20-68DBDC33C10A}.SingleImage|Any CPU.ActiveCfg = Release|Any CPU
		{CB7BDB4D-923F-4C4E-BB20-68DBDC33C10A}.SingleImage|Any CPU.Build.0 = Release|Any CPU
		{CB7BDB4D-923F-4C4E-BB20-68DBDC33C10A}.SingleImage|Mixed Platforms.ActiveCfg = Release|x86
		{CB7BDB4D-923F-4C4E-BB20-68DBDC33C10A}.SingleImage|Mixed Platforms.Build.0 = Release|x86
		{CB7BDB4D-923F-4C4E-BB20-68DBDC33C10A}.SingleImage|x64.ActiveCfg = Release|x64
		{CB7BDB4D-923F-4C4E-BB20-68DBDC33C10A}.SingleImage|x64.Build.0 = Release|x64
		{CB7BDB4D-923F-4C4E-BB20-68DBDC33C10A}.SingleImage|x86.ActiveCfg = Release|x86
		{CB7BDB4D-923F-4C4E-BB20-68DBDC33C10A}.SingleImage|x86.Build.0 = Release|x86
		{568D0194-FEE7-460E-A036-B8FE72977C50}.CD_ROM|Any CPU.ActiveCfg = Release|Any CPU
		{568D0194-FEE7-460E-A036-B8FE72977C50}.CD_ROM|Any CPU.Build.0 = Release|Any CPU
		{568D0194-FEE7-460E-A036-B8FE72977C50}.CD_ROM|Mixed Platforms.ActiveCfg = Release|x86
		{568D0194-FEE7-460E-A036-B8FE72977C50}.CD_ROM|Mixed Platforms.Build.0 = Release|x86
		{568D0194-FEE7-460E-A036-B8FE72977C50}.CD_ROM|x64.ActiveCfg = Release|x64
		{568D0194-FEE7-460E-A036-B8FE72977C50}.CD_ROM|x64.Build.0 = Release|x64
		{568D0194-FEE7-460E-A036-B8FE72977C50}.CD_ROM|x86.ActiveCfg = Release|x86
		{568D0194-FEE7-460E-A036-B8FE72977C50}.CD_ROM|x86.Build.0 = Release|x86
		{568D0194-FEE7-460E-A036-B8FE72977C50}.Debug|Any CPU.ActiveCfg = Debug|Any CPU
		{568D0194-FEE7-460E-A036-B8FE72977C50}.Debug|Any CPU.Build.0 = Debug|Any CPU
		{568D0194-FEE7-460E-A036-B8FE72977C50}.Debug|Mixed Platforms.ActiveCfg = Debug|x64
		{568D0194-FEE7-460E-A036-B8FE72977C50}.Debug|Mixed Platforms.Build.0 = Debug|x64
		{568D0194-FEE7-460E-A036-B8FE72977C50}.Debug|x64.ActiveCfg = Debug|x64
		{568D0194-FEE7-460E-A036-B8FE72977C50}.Debug|x64.Build.0 = Debug|x64
		{568D0194-FEE7-460E-A036-B8FE72977C50}.Debug|x86.ActiveCfg = Debug|x86
		{568D0194-FEE7-460E-A036-B8FE72977C50}.Debug|x86.Build.0 = Debug|x86
		{568D0194-FEE7-460E-A036-B8FE72977C50}.DVD-5|Any CPU.ActiveCfg = Debug|Any CPU
		{568D0194-FEE7-460E-A036-B8FE72977C50}.DVD-5|Any CPU.Build.0 = Debug|Any CPU
		{568D0194-FEE7-460E-A036-B8FE72977C50}.DVD-5|Mixed Platforms.ActiveCfg = Debug|x86
		{568D0194-FEE7-460E-A036-B8FE72977C50}.DVD-5|Mixed Platforms.Build.0 = Debug|x86
		{568D0194-FEE7-460E-A036-B8FE72977C50}.DVD-5|x64.ActiveCfg = Debug|x64
		{568D0194-FEE7-460E-A036-B8FE72977C50}.DVD-5|x64.Build.0 = Debug|x64
		{568D0194-FEE7-460E-A036-B8FE72977C50}.DVD-5|x86.ActiveCfg = Debug|x86
		{568D0194-FEE7-460E-A036-B8FE72977C50}.DVD-5|x86.Build.0 = Debug|x86
		{568D0194-FEE7-460E-A036-B8FE72977C50}.Release|Any CPU.ActiveCfg = Release|Any CPU
		{568D0194-FEE7-460E-A036-B8FE72977C50}.Release|Any CPU.Build.0 = Release|Any CPU
		{568D0194-FEE7-460E-A036-B8FE72977C50}.Release|Mixed Platforms.ActiveCfg = Release|x86
		{568D0194-FEE7-460E-A036-B8FE72977C50}.Release|Mixed Platforms.Build.0 = Release|x86
		{568D0194-FEE7-460E-A036-B8FE72977C50}.Release|x64.ActiveCfg = Release|x64
		{568D0194-FEE7-460E-A036-B8FE72977C50}.Release|x64.Build.0 = Release|x64
		{568D0194-FEE7-460E-A036-B8FE72977C50}.Release|x86.ActiveCfg = Release|x86
		{568D0194-FEE7-460E-A036-B8FE72977C50}.Release|x86.Build.0 = Release|x86
		{568D0194-FEE7-460E-A036-B8FE72977C50}.SingleImage|Any CPU.ActiveCfg = Release|Any CPU
		{568D0194-FEE7-460E-A036-B8FE72977C50}.SingleImage|Any CPU.Build.0 = Release|Any CPU
		{568D0194-FEE7-460E-A036-B8FE72977C50}.SingleImage|Mixed Platforms.ActiveCfg = Release|x86
		{568D0194-FEE7-460E-A036-B8FE72977C50}.SingleImage|Mixed Platforms.Build.0 = Release|x86
		{568D0194-FEE7-460E-A036-B8FE72977C50}.SingleImage|x64.ActiveCfg = Release|x64
		{568D0194-FEE7-460E-A036-B8FE72977C50}.SingleImage|x64.Build.0 = Release|x64
		{568D0194-FEE7-460E-A036-B8FE72977C50}.SingleImage|x86.ActiveCfg = Release|x86
		{568D0194-FEE7-460E-A036-B8FE72977C50}.SingleImage|x86.Build.0 = Release|x86
		{3643A69A-080F-473C-B10C-2E22D42BF018}.CD_ROM|Any CPU.ActiveCfg = Release|Any CPU
		{3643A69A-080F-473C-B10C-2E22D42BF018}.CD_ROM|Any CPU.Build.0 = Release|Any CPU
		{3643A69A-080F-473C-B10C-2E22D42BF018}.CD_ROM|Mixed Platforms.ActiveCfg = Release|Any CPU
		{3643A69A-080F-473C-B10C-2E22D42BF018}.CD_ROM|Mixed Platforms.Build.0 = Release|Any CPU
		{3643A69A-080F-473C-B10C-2E22D42BF018}.CD_ROM|x64.ActiveCfg = Release|x64
		{3643A69A-080F-473C-B10C-2E22D42BF018}.CD_ROM|x64.Build.0 = Release|x64
		{3643A69A-080F-473C-B10C-2E22D42BF018}.CD_ROM|x86.ActiveCfg = Release|Any CPU
		{3643A69A-080F-473C-B10C-2E22D42BF018}.Debug|Any CPU.ActiveCfg = Debug|Any CPU
		{3643A69A-080F-473C-B10C-2E22D42BF018}.Debug|Any CPU.Build.0 = Debug|Any CPU
		{3643A69A-080F-473C-B10C-2E22D42BF018}.Debug|Mixed Platforms.ActiveCfg = Debug|x64
		{3643A69A-080F-473C-B10C-2E22D42BF018}.Debug|Mixed Platforms.Build.0 = Debug|x64
		{3643A69A-080F-473C-B10C-2E22D42BF018}.Debug|x64.ActiveCfg = Debug|x64
		{3643A69A-080F-473C-B10C-2E22D42BF018}.Debug|x64.Build.0 = Debug|x64
		{3643A69A-080F-473C-B10C-2E22D42BF018}.Debug|x86.ActiveCfg = Debug|Any CPU
		{3643A69A-080F-473C-B10C-2E22D42BF018}.DVD-5|Any CPU.ActiveCfg = Debug|Any CPU
		{3643A69A-080F-473C-B10C-2E22D42BF018}.DVD-5|Any CPU.Build.0 = Debug|Any CPU
		{3643A69A-080F-473C-B10C-2E22D42BF018}.DVD-5|Mixed Platforms.ActiveCfg = Debug|Any CPU
		{3643A69A-080F-473C-B10C-2E22D42BF018}.DVD-5|Mixed Platforms.Build.0 = Debug|Any CPU
		{3643A69A-080F-473C-B10C-2E22D42BF018}.DVD-5|x64.ActiveCfg = Debug|x64
		{3643A69A-080F-473C-B10C-2E22D42BF018}.DVD-5|x64.Build.0 = Debug|x64
		{3643A69A-080F-473C-B10C-2E22D42BF018}.DVD-5|x86.ActiveCfg = Debug|Any CPU
		{3643A69A-080F-473C-B10C-2E22D42BF018}.Release|Any CPU.ActiveCfg = Release|Any CPU
		{3643A69A-080F-473C-B10C-2E22D42BF018}.Release|Any CPU.Build.0 = Release|Any CPU
		{3643A69A-080F-473C-B10C-2E22D42BF018}.Release|Mixed Platforms.ActiveCfg = Release|Any CPU
		{3643A69A-080F-473C-B10C-2E22D42BF018}.Release|Mixed Platforms.Build.0 = Release|Any CPU
		{3643A69A-080F-473C-B10C-2E22D42BF018}.Release|x64.ActiveCfg = Release|x64
		{3643A69A-080F-473C-B10C-2E22D42BF018}.Release|x64.Build.0 = Release|x64
		{3643A69A-080F-473C-B10C-2E22D42BF018}.Release|x86.ActiveCfg = Release|Any CPU
		{3643A69A-080F-473C-B10C-2E22D42BF018}.SingleImage|Any CPU.ActiveCfg = Release|Any CPU
		{3643A69A-080F-473C-B10C-2E22D42BF018}.SingleImage|Any CPU.Build.0 = Release|Any CPU
		{3643A69A-080F-473C-B10C-2E22D42BF018}.SingleImage|Mixed Platforms.ActiveCfg = Release|Any CPU
		{3643A69A-080F-473C-B10C-2E22D42BF018}.SingleImage|Mixed Platforms.Build.0 = Release|Any CPU
		{3643A69A-080F-473C-B10C-2E22D42BF018}.SingleImage|x64.ActiveCfg = Release|x64
		{3643A69A-080F-473C-B10C-2E22D42BF018}.SingleImage|x64.Build.0 = Release|x64
		{3643A69A-080F-473C-B10C-2E22D42BF018}.SingleImage|x86.ActiveCfg = Release|Any CPU
		{056741A2-2EFE-417C-993B-25358CD42209}.CD_ROM|Any CPU.ActiveCfg = Release|Any CPU
		{056741A2-2EFE-417C-993B-25358CD42209}.CD_ROM|Any CPU.Build.0 = Release|Any CPU
		{056741A2-2EFE-417C-993B-25358CD42209}.CD_ROM|Mixed Platforms.ActiveCfg = Release|Any CPU
		{056741A2-2EFE-417C-993B-25358CD42209}.CD_ROM|Mixed Platforms.Build.0 = Release|Any CPU
		{056741A2-2EFE-417C-993B-25358CD42209}.CD_ROM|x64.ActiveCfg = Release|x64
		{056741A2-2EFE-417C-993B-25358CD42209}.CD_ROM|x64.Build.0 = Release|x64
		{056741A2-2EFE-417C-993B-25358CD42209}.CD_ROM|x86.ActiveCfg = Release|Any CPU
		{056741A2-2EFE-417C-993B-25358CD42209}.Debug|Any CPU.ActiveCfg = Debug|Any CPU
		{056741A2-2EFE-417C-993B-25358CD42209}.Debug|Any CPU.Build.0 = Debug|Any CPU
		{056741A2-2EFE-417C-993B-25358CD42209}.Debug|Mixed Platforms.ActiveCfg = Debug|Any CPU
		{056741A2-2EFE-417C-993B-25358CD42209}.Debug|Mixed Platforms.Build.0 = Debug|Any CPU
		{056741A2-2EFE-417C-993B-25358CD42209}.Debug|x64.ActiveCfg = Debug|x64
		{056741A2-2EFE-417C-993B-25358CD42209}.Debug|x64.Build.0 = Debug|x64
		{056741A2-2EFE-417C-993B-25358CD42209}.Debug|x86.ActiveCfg = Debug|Any CPU
		{056741A2-2EFE-417C-993B-25358CD42209}.DVD-5|Any CPU.ActiveCfg = Debug|Any CPU
		{056741A2-2EFE-417C-993B-25358CD42209}.DVD-5|Any CPU.Build.0 = Debug|Any CPU
		{056741A2-2EFE-417C-993B-25358CD42209}.DVD-5|Mixed Platforms.ActiveCfg = Debug|Any CPU
		{056741A2-2EFE-417C-993B-25358CD42209}.DVD-5|Mixed Platforms.Build.0 = Debug|Any CPU
		{056741A2-2EFE-417C-993B-25358CD42209}.DVD-5|x64.ActiveCfg = Debug|x64
		{056741A2-2EFE-417C-993B-25358CD42209}.DVD-5|x64.Build.0 = Debug|x64
		{056741A2-2EFE-417C-993B-25358CD42209}.DVD-5|x86.ActiveCfg = Debug|Any CPU
		{056741A2-2EFE-417C-993B-25358CD42209}.Release|Any CPU.ActiveCfg = Release|Any CPU
		{056741A2-2EFE-417C-993B-25358CD42209}.Release|Any CPU.Build.0 = Release|Any CPU
		{056741A2-2EFE-417C-993B-25358CD42209}.Release|Mixed Platforms.ActiveCfg = Release|Any CPU
		{056741A2-2EFE-417C-993B-25358CD42209}.Release|Mixed Platforms.Build.0 = Release|Any CPU
		{056741A2-2EFE-417C-993B-25358CD42209}.Release|x64.ActiveCfg = Release|x64
		{056741A2-2EFE-417C-993B-25358CD42209}.Release|x64.Build.0 = Release|x64
		{056741A2-2EFE-417C-993B-25358CD42209}.Release|x86.ActiveCfg = Release|Any CPU
		{056741A2-2EFE-417C-993B-25358CD42209}.SingleImage|Any CPU.ActiveCfg = Release|Any CPU
		{056741A2-2EFE-417C-993B-25358CD42209}.SingleImage|Any CPU.Build.0 = Release|Any CPU
		{056741A2-2EFE-417C-993B-25358CD42209}.SingleImage|Mixed Platforms.ActiveCfg = Release|Any CPU
		{056741A2-2EFE-417C-993B-25358CD42209}.SingleImage|Mixed Platforms.Build.0 = Release|Any CPU
		{056741A2-2EFE-417C-993B-25358CD42209}.SingleImage|x64.ActiveCfg = Release|x64
		{056741A2-2EFE-417C-993B-25358CD42209}.SingleImage|x64.Build.0 = Release|x64
		{056741A2-2EFE-417C-993B-25358CD42209}.SingleImage|x86.ActiveCfg = Release|Any CPU
		{235D3CC6-42AF-419C-ABDA-1342D38A0492}.CD_ROM|Any CPU.ActiveCfg = Release|Any CPU
		{235D3CC6-42AF-419C-ABDA-1342D38A0492}.CD_ROM|Any CPU.Build.0 = Release|Any CPU
		{235D3CC6-42AF-419C-ABDA-1342D38A0492}.CD_ROM|Mixed Platforms.ActiveCfg = Release|Any CPU
		{235D3CC6-42AF-419C-ABDA-1342D38A0492}.CD_ROM|Mixed Platforms.Build.0 = Release|Any CPU
		{235D3CC6-42AF-419C-ABDA-1342D38A0492}.CD_ROM|x64.ActiveCfg = Release|x64
		{235D3CC6-42AF-419C-ABDA-1342D38A0492}.CD_ROM|x64.Build.0 = Release|x64
		{235D3CC6-42AF-419C-ABDA-1342D38A0492}.CD_ROM|x86.ActiveCfg = Release|Any CPU
		{235D3CC6-42AF-419C-ABDA-1342D38A0492}.Debug|Any CPU.ActiveCfg = Debug|Any CPU
		{235D3CC6-42AF-419C-ABDA-1342D38A0492}.Debug|Any CPU.Build.0 = Debug|Any CPU
		{235D3CC6-42AF-419C-ABDA-1342D38A0492}.Debug|Mixed Platforms.ActiveCfg = Debug|Any CPU
		{235D3CC6-42AF-419C-ABDA-1342D38A0492}.Debug|Mixed Platforms.Build.0 = Debug|Any CPU
		{235D3CC6-42AF-419C-ABDA-1342D38A0492}.Debug|x64.ActiveCfg = Debug|x64
		{235D3CC6-42AF-419C-ABDA-1342D38A0492}.Debug|x64.Build.0 = Debug|x64
		{235D3CC6-42AF-419C-ABDA-1342D38A0492}.Debug|x86.ActiveCfg = Debug|Any CPU
		{235D3CC6-42AF-419C-ABDA-1342D38A0492}.DVD-5|Any CPU.ActiveCfg = Debug|Any CPU
		{235D3CC6-42AF-419C-ABDA-1342D38A0492}.DVD-5|Any CPU.Build.0 = Debug|Any CPU
		{235D3CC6-42AF-419C-ABDA-1342D38A0492}.DVD-5|Mixed Platforms.ActiveCfg = Debug|Any CPU
		{235D3CC6-42AF-419C-ABDA-1342D38A0492}.DVD-5|Mixed Platforms.Build.0 = Debug|Any CPU
		{235D3CC6-42AF-419C-ABDA-1342D38A0492}.DVD-5|x64.ActiveCfg = Debug|x64
		{235D3CC6-42AF-419C-ABDA-1342D38A0492}.DVD-5|x64.Build.0 = Debug|x64
		{235D3CC6-42AF-419C-ABDA-1342D38A0492}.DVD-5|x86.ActiveCfg = Debug|Any CPU
		{235D3CC6-42AF-419C-ABDA-1342D38A0492}.Release|Any CPU.ActiveCfg = Release|Any CPU
		{235D3CC6-42AF-419C-ABDA-1342D38A0492}.Release|Any CPU.Build.0 = Release|Any CPU
		{235D3CC6-42AF-419C-ABDA-1342D38A0492}.Release|Mixed Platforms.ActiveCfg = Release|Any CPU
		{235D3CC6-42AF-419C-ABDA-1342D38A0492}.Release|Mixed Platforms.Build.0 = Release|Any CPU
		{235D3CC6-42AF-419C-ABDA-1342D38A0492}.Release|x64.ActiveCfg = Release|x64
		{235D3CC6-42AF-419C-ABDA-1342D38A0492}.Release|x64.Build.0 = Release|x64
		{235D3CC6-42AF-419C-ABDA-1342D38A0492}.Release|x86.ActiveCfg = Release|Any CPU
		{235D3CC6-42AF-419C-ABDA-1342D38A0492}.SingleImage|Any CPU.ActiveCfg = Release|Any CPU
		{235D3CC6-42AF-419C-ABDA-1342D38A0492}.SingleImage|Any CPU.Build.0 = Release|Any CPU
		{235D3CC6-42AF-419C-ABDA-1342D38A0492}.SingleImage|Mixed Platforms.ActiveCfg = Release|Any CPU
		{235D3CC6-42AF-419C-ABDA-1342D38A0492}.SingleImage|Mixed Platforms.Build.0 = Release|Any CPU
		{235D3CC6-42AF-419C-ABDA-1342D38A0492}.SingleImage|x64.ActiveCfg = Release|x64
		{235D3CC6-42AF-419C-ABDA-1342D38A0492}.SingleImage|x64.Build.0 = Release|x64
		{235D3CC6-42AF-419C-ABDA-1342D38A0492}.SingleImage|x86.ActiveCfg = Release|Any CPU
		{1FDC25B8-AA4F-422A-B7F5-A569AFB1511D}.CD_ROM|Any CPU.ActiveCfg = Release|Any CPU
		{1FDC25B8-AA4F-422A-B7F5-A569AFB1511D}.CD_ROM|Any CPU.Build.0 = Release|Any CPU
		{1FDC25B8-AA4F-422A-B7F5-A569AFB1511D}.CD_ROM|Mixed Platforms.ActiveCfg = Release|Any CPU
		{1FDC25B8-AA4F-422A-B7F5-A569AFB1511D}.CD_ROM|Mixed Platforms.Build.0 = Release|Any CPU
		{1FDC25B8-AA4F-422A-B7F5-A569AFB1511D}.CD_ROM|x64.ActiveCfg = Release|x64
		{1FDC25B8-AA4F-422A-B7F5-A569AFB1511D}.CD_ROM|x64.Build.0 = Release|x64
		{1FDC25B8-AA4F-422A-B7F5-A569AFB1511D}.CD_ROM|x86.ActiveCfg = Release|Any CPU
		{1FDC25B8-AA4F-422A-B7F5-A569AFB1511D}.Debug|Any CPU.ActiveCfg = Debug|Any CPU
		{1FDC25B8-AA4F-422A-B7F5-A569AFB1511D}.Debug|Any CPU.Build.0 = Debug|Any CPU
		{1FDC25B8-AA4F-422A-B7F5-A569AFB1511D}.Debug|Mixed Platforms.ActiveCfg = Debug|Any CPU
		{1FDC25B8-AA4F-422A-B7F5-A569AFB1511D}.Debug|Mixed Platforms.Build.0 = Debug|Any CPU
		{1FDC25B8-AA4F-422A-B7F5-A569AFB1511D}.Debug|x64.ActiveCfg = Debug|x64
		{1FDC25B8-AA4F-422A-B7F5-A569AFB1511D}.Debug|x64.Build.0 = Debug|x64
		{1FDC25B8-AA4F-422A-B7F5-A569AFB1511D}.Debug|x86.ActiveCfg = Debug|Any CPU
		{1FDC25B8-AA4F-422A-B7F5-A569AFB1511D}.DVD-5|Any CPU.ActiveCfg = Debug|Any CPU
		{1FDC25B8-AA4F-422A-B7F5-A569AFB1511D}.DVD-5|Any CPU.Build.0 = Debug|Any CPU
		{1FDC25B8-AA4F-422A-B7F5-A569AFB1511D}.DVD-5|Mixed Platforms.ActiveCfg = Debug|Any CPU
		{1FDC25B8-AA4F-422A-B7F5-A569AFB1511D}.DVD-5|Mixed Platforms.Build.0 = Debug|Any CPU
		{1FDC25B8-AA4F-422A-B7F5-A569AFB1511D}.DVD-5|x64.ActiveCfg = Debug|x64
		{1FDC25B8-AA4F-422A-B7F5-A569AFB1511D}.DVD-5|x64.Build.0 = Debug|x64
		{1FDC25B8-AA4F-422A-B7F5-A569AFB1511D}.DVD-5|x86.ActiveCfg = Debug|Any CPU
		{1FDC25B8-AA4F-422A-B7F5-A569AFB1511D}.Release|Any CPU.ActiveCfg = Release|Any CPU
		{1FDC25B8-AA4F-422A-B7F5-A569AFB1511D}.Release|Any CPU.Build.0 = Release|Any CPU
		{1FDC25B8-AA4F-422A-B7F5-A569AFB1511D}.Release|Mixed Platforms.ActiveCfg = Release|Any CPU
		{1FDC25B8-AA4F-422A-B7F5-A569AFB1511D}.Release|Mixed Platforms.Build.0 = Release|Any CPU
		{1FDC25B8-AA4F-422A-B7F5-A569AFB1511D}.Release|x64.ActiveCfg = Release|x64
		{1FDC25B8-AA4F-422A-B7F5-A569AFB1511D}.Release|x64.Build.0 = Release|x64
		{1FDC25B8-AA4F-422A-B7F5-A569AFB1511D}.Release|x86.ActiveCfg = Release|Any CPU
		{1FDC25B8-AA4F-422A-B7F5-A569AFB1511D}.SingleImage|Any CPU.ActiveCfg = Release|Any CPU
		{1FDC25B8-AA4F-422A-B7F5-A569AFB1511D}.SingleImage|Any CPU.Build.0 = Release|Any CPU
		{1FDC25B8-AA4F-422A-B7F5-A569AFB1511D}.SingleImage|Mixed Platforms.ActiveCfg = Release|Any CPU
		{1FDC25B8-AA4F-422A-B7F5-A569AFB1511D}.SingleImage|Mixed Platforms.Build.0 = Release|Any CPU
		{1FDC25B8-AA4F-422A-B7F5-A569AFB1511D}.SingleImage|x64.ActiveCfg = Release|x64
		{1FDC25B8-AA4F-422A-B7F5-A569AFB1511D}.SingleImage|x64.Build.0 = Release|x64
		{1FDC25B8-AA4F-422A-B7F5-A569AFB1511D}.SingleImage|x86.ActiveCfg = Release|Any CPU
		{14A04210-E080-4879-BD10-185C3A41E68D}.CD_ROM|Any CPU.ActiveCfg = Release|Any CPU
		{14A04210-E080-4879-BD10-185C3A41E68D}.CD_ROM|Any CPU.Build.0 = Release|Any CPU
		{14A04210-E080-4879-BD10-185C3A41E68D}.CD_ROM|Mixed Platforms.ActiveCfg = Release|Any CPU
		{14A04210-E080-4879-BD10-185C3A41E68D}.CD_ROM|Mixed Platforms.Build.0 = Release|Any CPU
		{14A04210-E080-4879-BD10-185C3A41E68D}.CD_ROM|x64.ActiveCfg = Release|x64
		{14A04210-E080-4879-BD10-185C3A41E68D}.CD_ROM|x64.Build.0 = Release|x64
		{14A04210-E080-4879-BD10-185C3A41E68D}.CD_ROM|x86.ActiveCfg = Release|Any CPU
		{14A04210-E080-4879-BD10-185C3A41E68D}.Debug|Any CPU.ActiveCfg = Debug|Any CPU
		{14A04210-E080-4879-BD10-185C3A41E68D}.Debug|Any CPU.Build.0 = Debug|Any CPU
		{14A04210-E080-4879-BD10-185C3A41E68D}.Debug|Mixed Platforms.ActiveCfg = Debug|Any CPU
		{14A04210-E080-4879-BD10-185C3A41E68D}.Debug|Mixed Platforms.Build.0 = Debug|Any CPU
		{14A04210-E080-4879-BD10-185C3A41E68D}.Debug|x64.ActiveCfg = Debug|x64
		{14A04210-E080-4879-BD10-185C3A41E68D}.Debug|x64.Build.0 = Debug|x64
		{14A04210-E080-4879-BD10-185C3A41E68D}.Debug|x86.ActiveCfg = Debug|Any CPU
		{14A04210-E080-4879-BD10-185C3A41E68D}.DVD-5|Any CPU.ActiveCfg = Debug|Any CPU
		{14A04210-E080-4879-BD10-185C3A41E68D}.DVD-5|Any CPU.Build.0 = Debug|Any CPU
		{14A04210-E080-4879-BD10-185C3A41E68D}.DVD-5|Mixed Platforms.ActiveCfg = Debug|Any CPU
		{14A04210-E080-4879-BD10-185C3A41E68D}.DVD-5|Mixed Platforms.Build.0 = Debug|Any CPU
		{14A04210-E080-4879-BD10-185C3A41E68D}.DVD-5|x64.ActiveCfg = Debug|x64
		{14A04210-E080-4879-BD10-185C3A41E68D}.DVD-5|x64.Build.0 = Debug|x64
		{14A04210-E080-4879-BD10-185C3A41E68D}.DVD-5|x86.ActiveCfg = Debug|Any CPU
		{14A04210-E080-4879-BD10-185C3A41E68D}.Release|Any CPU.ActiveCfg = Release|Any CPU
		{14A04210-E080-4879-BD10-185C3A41E68D}.Release|Any CPU.Build.0 = Release|Any CPU
		{14A04210-E080-4879-BD10-185C3A41E68D}.Release|Mixed Platforms.ActiveCfg = Release|Any CPU
		{14A04210-E080-4879-BD10-185C3A41E68D}.Release|Mixed Platforms.Build.0 = Release|Any CPU
		{14A04210-E080-4879-BD10-185C3A41E68D}.Release|x64.ActiveCfg = Release|x64
		{14A04210-E080-4879-BD10-185C3A41E68D}.Release|x64.Build.0 = Release|x64
		{14A04210-E080-4879-BD10-185C3A41E68D}.Release|x86.ActiveCfg = Release|Any CPU
		{14A04210-E080-4879-BD10-185C3A41E68D}.SingleImage|Any CPU.ActiveCfg = Release|Any CPU
		{14A04210-E080-4879-BD10-185C3A41E68D}.SingleImage|Any CPU.Build.0 = Release|Any CPU
		{14A04210-E080-4879-BD10-185C3A41E68D}.SingleImage|Mixed Platforms.ActiveCfg = Release|Any CPU
		{14A04210-E080-4879-BD10-185C3A41E68D}.SingleImage|Mixed Platforms.Build.0 = Release|Any CPU
		{14A04210-E080-4879-BD10-185C3A41E68D}.SingleImage|x64.ActiveCfg = Release|x64
		{14A04210-E080-4879-BD10-185C3A41E68D}.SingleImage|x64.Build.0 = Release|x64
		{14A04210-E080-4879-BD10-185C3A41E68D}.SingleImage|x86.ActiveCfg = Release|Any CPU
		{0BD15B34-1A31-4581-8026-52028702CD2C}.CD_ROM|Any CPU.ActiveCfg = Release|Any CPU
		{0BD15B34-1A31-4581-8026-52028702CD2C}.CD_ROM|Any CPU.Build.0 = Release|Any CPU
		{0BD15B34-1A31-4581-8026-52028702CD2C}.CD_ROM|Mixed Platforms.ActiveCfg = Release|Any CPU
		{0BD15B34-1A31-4581-8026-52028702CD2C}.CD_ROM|Mixed Platforms.Build.0 = Release|Any CPU
		{0BD15B34-1A31-4581-8026-52028702CD2C}.CD_ROM|x64.ActiveCfg = Release|x64
		{0BD15B34-1A31-4581-8026-52028702CD2C}.CD_ROM|x64.Build.0 = Release|x64
		{0BD15B34-1A31-4581-8026-52028702CD2C}.CD_ROM|x86.ActiveCfg = Release|Any CPU
		{0BD15B34-1A31-4581-8026-52028702CD2C}.Debug|Any CPU.ActiveCfg = Debug|Any CPU
		{0BD15B34-1A31-4581-8026-52028702CD2C}.Debug|Any CPU.Build.0 = Debug|Any CPU
		{0BD15B34-1A31-4581-8026-52028702CD2C}.Debug|Mixed Platforms.ActiveCfg = Debug|Any CPU
		{0BD15B34-1A31-4581-8026-52028702CD2C}.Debug|Mixed Platforms.Build.0 = Debug|Any CPU
		{0BD15B34-1A31-4581-8026-52028702CD2C}.Debug|x64.ActiveCfg = Debug|x64
		{0BD15B34-1A31-4581-8026-52028702CD2C}.Debug|x64.Build.0 = Debug|x64
		{0BD15B34-1A31-4581-8026-52028702CD2C}.Debug|x86.ActiveCfg = Debug|Any CPU
		{0BD15B34-1A31-4581-8026-52028702CD2C}.DVD-5|Any CPU.ActiveCfg = Debug|Any CPU
		{0BD15B34-1A31-4581-8026-52028702CD2C}.DVD-5|Any CPU.Build.0 = Debug|Any CPU
		{0BD15B34-1A31-4581-8026-52028702CD2C}.DVD-5|Mixed Platforms.ActiveCfg = Debug|Any CPU
		{0BD15B34-1A31-4581-8026-52028702CD2C}.DVD-5|Mixed Platforms.Build.0 = Debug|Any CPU
		{0BD15B34-1A31-4581-8026-52028702CD2C}.DVD-5|x64.ActiveCfg = Debug|x64
		{0BD15B34-1A31-4581-8026-52028702CD2C}.DVD-5|x64.Build.0 = Debug|x64
		{0BD15B34-1A31-4581-8026-52028702CD2C}.DVD-5|x86.ActiveCfg = Debug|Any CPU
		{0BD15B34-1A31-4581-8026-52028702CD2C}.Release|Any CPU.ActiveCfg = Release|Any CPU
		{0BD15B34-1A31-4581-8026-52028702CD2C}.Release|Any CPU.Build.0 = Release|Any CPU
		{0BD15B34-1A31-4581-8026-52028702CD2C}.Release|Mixed Platforms.ActiveCfg = Release|Any CPU
		{0BD15B34-1A31-4581-8026-52028702CD2C}.Release|Mixed Platforms.Build.0 = Release|Any CPU
		{0BD15B34-1A31-4581-8026-52028702CD2C}.Release|x64.ActiveCfg = Release|x64
		{0BD15B34-1A31-4581-8026-52028702CD2C}.Release|x64.Build.0 = Release|x64
		{0BD15B34-1A31-4581-8026-52028702CD2C}.Release|x86.ActiveCfg = Release|Any CPU
		{0BD15B34-1A31-4581-8026-52028702CD2C}.SingleImage|Any CPU.ActiveCfg = Release|Any CPU
		{0BD15B34-1A31-4581-8026-52028702CD2C}.SingleImage|Any CPU.Build.0 = Release|Any CPU
		{0BD15B34-1A31-4581-8026-52028702CD2C}.SingleImage|Mixed Platforms.ActiveCfg = Release|Any CPU
		{0BD15B34-1A31-4581-8026-52028702CD2C}.SingleImage|Mixed Platforms.Build.0 = Release|Any CPU
		{0BD15B34-1A31-4581-8026-52028702CD2C}.SingleImage|x64.ActiveCfg = Release|x64
		{0BD15B34-1A31-4581-8026-52028702CD2C}.SingleImage|x64.Build.0 = Release|x64
		{0BD15B34-1A31-4581-8026-52028702CD2C}.SingleImage|x86.ActiveCfg = Release|Any CPU
		{AFCAB6B3-FB13-41B3-810B-0512F28B7005}.CD_ROM|Any CPU.ActiveCfg = Release|Any CPU
		{AFCAB6B3-FB13-41B3-810B-0512F28B7005}.CD_ROM|Any CPU.Build.0 = Release|Any CPU
		{AFCAB6B3-FB13-41B3-810B-0512F28B7005}.CD_ROM|Mixed Platforms.ActiveCfg = Release|Any CPU
		{AFCAB6B3-FB13-41B3-810B-0512F28B7005}.CD_ROM|Mixed Platforms.Build.0 = Release|Any CPU
		{AFCAB6B3-FB13-41B3-810B-0512F28B7005}.CD_ROM|x64.ActiveCfg = Release|x64
		{AFCAB6B3-FB13-41B3-810B-0512F28B7005}.CD_ROM|x64.Build.0 = Release|x64
		{AFCAB6B3-FB13-41B3-810B-0512F28B7005}.CD_ROM|x86.ActiveCfg = Release|Any CPU
		{AFCAB6B3-FB13-41B3-810B-0512F28B7005}.Debug|Any CPU.ActiveCfg = Debug|Any CPU
		{AFCAB6B3-FB13-41B3-810B-0512F28B7005}.Debug|Any CPU.Build.0 = Debug|Any CPU
		{AFCAB6B3-FB13-41B3-810B-0512F28B7005}.Debug|Mixed Platforms.ActiveCfg = Debug|Any CPU
		{AFCAB6B3-FB13-41B3-810B-0512F28B7005}.Debug|Mixed Platforms.Build.0 = Debug|Any CPU
		{AFCAB6B3-FB13-41B3-810B-0512F28B7005}.Debug|x64.ActiveCfg = Debug|x64
		{AFCAB6B3-FB13-41B3-810B-0512F28B7005}.Debug|x64.Build.0 = Debug|x64
		{AFCAB6B3-FB13-41B3-810B-0512F28B7005}.Debug|x86.ActiveCfg = Debug|Any CPU
		{AFCAB6B3-FB13-41B3-810B-0512F28B7005}.DVD-5|Any CPU.ActiveCfg = Debug|Any CPU
		{AFCAB6B3-FB13-41B3-810B-0512F28B7005}.DVD-5|Any CPU.Build.0 = Debug|Any CPU
		{AFCAB6B3-FB13-41B3-810B-0512F28B7005}.DVD-5|Mixed Platforms.ActiveCfg = Debug|Any CPU
		{AFCAB6B3-FB13-41B3-810B-0512F28B7005}.DVD-5|Mixed Platforms.Build.0 = Debug|Any CPU
		{AFCAB6B3-FB13-41B3-810B-0512F28B7005}.DVD-5|x64.ActiveCfg = Debug|x64
		{AFCAB6B3-FB13-41B3-810B-0512F28B7005}.DVD-5|x64.Build.0 = Debug|x64
		{AFCAB6B3-FB13-41B3-810B-0512F28B7005}.DVD-5|x86.ActiveCfg = Debug|Any CPU
		{AFCAB6B3-FB13-41B3-810B-0512F28B7005}.Release|Any CPU.ActiveCfg = Release|Any CPU
		{AFCAB6B3-FB13-41B3-810B-0512F28B7005}.Release|Any CPU.Build.0 = Release|Any CPU
		{AFCAB6B3-FB13-41B3-810B-0512F28B7005}.Release|Mixed Platforms.ActiveCfg = Release|Any CPU
		{AFCAB6B3-FB13-41B3-810B-0512F28B7005}.Release|Mixed Platforms.Build.0 = Release|Any CPU
		{AFCAB6B3-FB13-41B3-810B-0512F28B7005}.Release|x64.ActiveCfg = Release|x64
		{AFCAB6B3-FB13-41B3-810B-0512F28B7005}.Release|x64.Build.0 = Release|x64
		{AFCAB6B3-FB13-41B3-810B-0512F28B7005}.Release|x86.ActiveCfg = Release|Any CPU
		{AFCAB6B3-FB13-41B3-810B-0512F28B7005}.SingleImage|Any CPU.ActiveCfg = Release|Any CPU
		{AFCAB6B3-FB13-41B3-810B-0512F28B7005}.SingleImage|Any CPU.Build.0 = Release|Any CPU
		{AFCAB6B3-FB13-41B3-810B-0512F28B7005}.SingleImage|Mixed Platforms.ActiveCfg = Release|Any CPU
		{AFCAB6B3-FB13-41B3-810B-0512F28B7005}.SingleImage|Mixed Platforms.Build.0 = Release|Any CPU
		{AFCAB6B3-FB13-41B3-810B-0512F28B7005}.SingleImage|x64.ActiveCfg = Release|x64
		{AFCAB6B3-FB13-41B3-810B-0512F28B7005}.SingleImage|x64.Build.0 = Release|x64
		{AFCAB6B3-FB13-41B3-810B-0512F28B7005}.SingleImage|x86.ActiveCfg = Release|Any CPU
		{94A86196-452A-49DC-B0B8-CF4D85586877}.CD_ROM|Any CPU.ActiveCfg = Release|Any CPU
		{94A86196-452A-49DC-B0B8-CF4D85586877}.CD_ROM|Any CPU.Build.0 = Release|Any CPU
		{94A86196-452A-49DC-B0B8-CF4D85586877}.CD_ROM|Mixed Platforms.ActiveCfg = Release|Any CPU
		{94A86196-452A-49DC-B0B8-CF4D85586877}.CD_ROM|Mixed Platforms.Build.0 = Release|Any CPU
		{94A86196-452A-49DC-B0B8-CF4D85586877}.CD_ROM|x64.ActiveCfg = Release|x64
		{94A86196-452A-49DC-B0B8-CF4D85586877}.CD_ROM|x64.Build.0 = Release|x64
		{94A86196-452A-49DC-B0B8-CF4D85586877}.CD_ROM|x86.ActiveCfg = Release|Any CPU
		{94A86196-452A-49DC-B0B8-CF4D85586877}.Debug|Any CPU.ActiveCfg = Debug|Any CPU
		{94A86196-452A-49DC-B0B8-CF4D85586877}.Debug|Any CPU.Build.0 = Debug|Any CPU
		{94A86196-452A-49DC-B0B8-CF4D85586877}.Debug|Mixed Platforms.ActiveCfg = Debug|Any CPU
		{94A86196-452A-49DC-B0B8-CF4D85586877}.Debug|Mixed Platforms.Build.0 = Debug|Any CPU
		{94A86196-452A-49DC-B0B8-CF4D85586877}.Debug|x64.ActiveCfg = Debug|x64
		{94A86196-452A-49DC-B0B8-CF4D85586877}.Debug|x64.Build.0 = Debug|x64
		{94A86196-452A-49DC-B0B8-CF4D85586877}.Debug|x86.ActiveCfg = Debug|Any CPU
		{94A86196-452A-49DC-B0B8-CF4D85586877}.DVD-5|Any CPU.ActiveCfg = Debug|Any CPU
		{94A86196-452A-49DC-B0B8-CF4D85586877}.DVD-5|Any CPU.Build.0 = Debug|Any CPU
		{94A86196-452A-49DC-B0B8-CF4D85586877}.DVD-5|Mixed Platforms.ActiveCfg = Debug|Any CPU
		{94A86196-452A-49DC-B0B8-CF4D85586877}.DVD-5|Mixed Platforms.Build.0 = Debug|Any CPU
		{94A86196-452A-49DC-B0B8-CF4D85586877}.DVD-5|x64.ActiveCfg = Debug|x64
		{94A86196-452A-49DC-B0B8-CF4D85586877}.DVD-5|x64.Build.0 = Debug|x64
		{94A86196-452A-49DC-B0B8-CF4D85586877}.DVD-5|x86.ActiveCfg = Debug|Any CPU
		{94A86196-452A-49DC-B0B8-CF4D85586877}.Release|Any CPU.ActiveCfg = Release|Any CPU
		{94A86196-452A-49DC-B0B8-CF4D85586877}.Release|Any CPU.Build.0 = Release|Any CPU
		{94A86196-452A-49DC-B0B8-CF4D85586877}.Release|Mixed Platforms.ActiveCfg = Release|Any CPU
		{94A86196-452A-49DC-B0B8-CF4D85586877}.Release|Mixed Platforms.Build.0 = Release|Any CPU
		{94A86196-452A-49DC-B0B8-CF4D85586877}.Release|x64.ActiveCfg = Release|x64
		{94A86196-452A-49DC-B0B8-CF4D85586877}.Release|x64.Build.0 = Release|x64
		{94A86196-452A-49DC-B0B8-CF4D85586877}.Release|x86.ActiveCfg = Release|Any CPU
		{94A86196-452A-49DC-B0B8-CF4D85586877}.SingleImage|Any CPU.ActiveCfg = Release|Any CPU
		{94A86196-452A-49DC-B0B8-CF4D85586877}.SingleImage|Any CPU.Build.0 = Release|Any CPU
		{94A86196-452A-49DC-B0B8-CF4D85586877}.SingleImage|Mixed Platforms.ActiveCfg = Release|Any CPU
		{94A86196-452A-49DC-B0B8-CF4D85586877}.SingleImage|Mixed Platforms.Build.0 = Release|Any CPU
		{94A86196-452A-49DC-B0B8-CF4D85586877}.SingleImage|x64.ActiveCfg = Release|x64
		{94A86196-452A-49DC-B0B8-CF4D85586877}.SingleImage|x64.Build.0 = Release|x64
		{94A86196-452A-49DC-B0B8-CF4D85586877}.SingleImage|x86.ActiveCfg = Release|Any CPU
		{F45525AF-F994-42AF-B468-8F0C4AB6571F}.CD_ROM|Any CPU.ActiveCfg = Release|Any CPU
		{F45525AF-F994-42AF-B468-8F0C4AB6571F}.CD_ROM|Any CPU.Build.0 = Release|Any CPU
		{F45525AF-F994-42AF-B468-8F0C4AB6571F}.CD_ROM|Mixed Platforms.ActiveCfg = Release|Any CPU
		{F45525AF-F994-42AF-B468-8F0C4AB6571F}.CD_ROM|Mixed Platforms.Build.0 = Release|Any CPU
		{F45525AF-F994-42AF-B468-8F0C4AB6571F}.CD_ROM|x64.ActiveCfg = Release|x64
		{F45525AF-F994-42AF-B468-8F0C4AB6571F}.CD_ROM|x64.Build.0 = Release|x64
		{F45525AF-F994-42AF-B468-8F0C4AB6571F}.CD_ROM|x86.ActiveCfg = Release|Any CPU
		{F45525AF-F994-42AF-B468-8F0C4AB6571F}.Debug|Any CPU.ActiveCfg = Debug|Any CPU
		{F45525AF-F994-42AF-B468-8F0C4AB6571F}.Debug|Any CPU.Build.0 = Debug|Any CPU
		{F45525AF-F994-42AF-B468-8F0C4AB6571F}.Debug|Mixed Platforms.ActiveCfg = Debug|Any CPU
		{F45525AF-F994-42AF-B468-8F0C4AB6571F}.Debug|Mixed Platforms.Build.0 = Debug|Any CPU
		{F45525AF-F994-42AF-B468-8F0C4AB6571F}.Debug|x64.ActiveCfg = Debug|x64
		{F45525AF-F994-42AF-B468-8F0C4AB6571F}.Debug|x64.Build.0 = Debug|x64
		{F45525AF-F994-42AF-B468-8F0C4AB6571F}.Debug|x86.ActiveCfg = Debug|Any CPU
		{F45525AF-F994-42AF-B468-8F0C4AB6571F}.DVD-5|Any CPU.ActiveCfg = Debug|Any CPU
		{F45525AF-F994-42AF-B468-8F0C4AB6571F}.DVD-5|Any CPU.Build.0 = Debug|Any CPU
		{F45525AF-F994-42AF-B468-8F0C4AB6571F}.DVD-5|Mixed Platforms.ActiveCfg = Debug|Any CPU
		{F45525AF-F994-42AF-B468-8F0C4AB6571F}.DVD-5|Mixed Platforms.Build.0 = Debug|Any CPU
		{F45525AF-F994-42AF-B468-8F0C4AB6571F}.DVD-5|x64.ActiveCfg = Debug|x64
		{F45525AF-F994-42AF-B468-8F0C4AB6571F}.DVD-5|x64.Build.0 = Debug|x64
		{F45525AF-F994-42AF-B468-8F0C4AB6571F}.DVD-5|x86.ActiveCfg = Debug|Any CPU
		{F45525AF-F994-42AF-B468-8F0C4AB6571F}.Release|Any CPU.ActiveCfg = Release|Any CPU
		{F45525AF-F994-42AF-B468-8F0C4AB6571F}.Release|Any CPU.Build.0 = Release|Any CPU
		{F45525AF-F994-42AF-B468-8F0C4AB6571F}.Release|Mixed Platforms.ActiveCfg = Release|Any CPU
		{F45525AF-F994-42AF-B468-8F0C4AB6571F}.Release|Mixed Platforms.Build.0 = Release|Any CPU
		{F45525AF-F994-42AF-B468-8F0C4AB6571F}.Release|x64.ActiveCfg = Release|x64
		{F45525AF-F994-42AF-B468-8F0C4AB6571F}.Release|x64.Build.0 = Release|x64
		{F45525AF-F994-42AF-B468-8F0C4AB6571F}.Release|x86.ActiveCfg = Release|Any CPU
		{F45525AF-F994-42AF-B468-8F0C4AB6571F}.SingleImage|Any CPU.ActiveCfg = Release|Any CPU
		{F45525AF-F994-42AF-B468-8F0C4AB6571F}.SingleImage|Any CPU.Build.0 = Release|Any CPU
		{F45525AF-F994-42AF-B468-8F0C4AB6571F}.SingleImage|Mixed Platforms.ActiveCfg = Release|Any CPU
		{F45525AF-F994-42AF-B468-8F0C4AB6571F}.SingleImage|Mixed Platforms.Build.0 = Release|Any CPU
		{F45525AF-F994-42AF-B468-8F0C4AB6571F}.SingleImage|x64.ActiveCfg = Release|x64
		{F45525AF-F994-42AF-B468-8F0C4AB6571F}.SingleImage|x64.Build.0 = Release|x64
		{F45525AF-F994-42AF-B468-8F0C4AB6571F}.SingleImage|x86.ActiveCfg = Release|Any CPU
		{51B0F25A-5E9F-4286-A26E-9891CB4DEC9F}.CD_ROM|Any CPU.ActiveCfg = Release|Any CPU
		{51B0F25A-5E9F-4286-A26E-9891CB4DEC9F}.CD_ROM|Any CPU.Build.0 = Release|Any CPU
		{51B0F25A-5E9F-4286-A26E-9891CB4DEC9F}.CD_ROM|Mixed Platforms.ActiveCfg = Release|Any CPU
		{51B0F25A-5E9F-4286-A26E-9891CB4DEC9F}.CD_ROM|Mixed Platforms.Build.0 = Release|Any CPU
		{51B0F25A-5E9F-4286-A26E-9891CB4DEC9F}.CD_ROM|x64.ActiveCfg = Release|x64
		{51B0F25A-5E9F-4286-A26E-9891CB4DEC9F}.CD_ROM|x64.Build.0 = Release|x64
		{51B0F25A-5E9F-4286-A26E-9891CB4DEC9F}.CD_ROM|x86.ActiveCfg = Release|Any CPU
		{51B0F25A-5E9F-4286-A26E-9891CB4DEC9F}.Debug|Any CPU.ActiveCfg = Debug|Any CPU
		{51B0F25A-5E9F-4286-A26E-9891CB4DEC9F}.Debug|Any CPU.Build.0 = Debug|Any CPU
		{51B0F25A-5E9F-4286-A26E-9891CB4DEC9F}.Debug|Mixed Platforms.ActiveCfg = Debug|Any CPU
		{51B0F25A-5E9F-4286-A26E-9891CB4DEC9F}.Debug|Mixed Platforms.Build.0 = Debug|Any CPU
		{51B0F25A-5E9F-4286-A26E-9891CB4DEC9F}.Debug|x64.ActiveCfg = Debug|x64
		{51B0F25A-5E9F-4286-A26E-9891CB4DEC9F}.Debug|x64.Build.0 = Debug|x64
		{51B0F25A-5E9F-4286-A26E-9891CB4DEC9F}.Debug|x86.ActiveCfg = Debug|Any CPU
		{51B0F25A-5E9F-4286-A26E-9891CB4DEC9F}.DVD-5|Any CPU.ActiveCfg = Debug|Any CPU
		{51B0F25A-5E9F-4286-A26E-9891CB4DEC9F}.DVD-5|Any CPU.Build.0 = Debug|Any CPU
		{51B0F25A-5E9F-4286-A26E-9891CB4DEC9F}.DVD-5|Mixed Platforms.ActiveCfg = Debug|Any CPU
		{51B0F25A-5E9F-4286-A26E-9891CB4DEC9F}.DVD-5|Mixed Platforms.Build.0 = Debug|Any CPU
		{51B0F25A-5E9F-4286-A26E-9891CB4DEC9F}.DVD-5|x64.ActiveCfg = Debug|x64
		{51B0F25A-5E9F-4286-A26E-9891CB4DEC9F}.DVD-5|x64.Build.0 = Debug|x64
		{51B0F25A-5E9F-4286-A26E-9891CB4DEC9F}.DVD-5|x86.ActiveCfg = Debug|Any CPU
		{51B0F25A-5E9F-4286-A26E-9891CB4DEC9F}.Release|Any CPU.ActiveCfg = Release|Any CPU
		{51B0F25A-5E9F-4286-A26E-9891CB4DEC9F}.Release|Any CPU.Build.0 = Release|Any CPU
		{51B0F25A-5E9F-4286-A26E-9891CB4DEC9F}.Release|Mixed Platforms.ActiveCfg = Release|Any CPU
		{51B0F25A-5E9F-4286-A26E-9891CB4DEC9F}.Release|Mixed Platforms.Build.0 = Release|Any CPU
		{51B0F25A-5E9F-4286-A26E-9891CB4DEC9F}.Release|x64.ActiveCfg = Release|x64
		{51B0F25A-5E9F-4286-A26E-9891CB4DEC9F}.Release|x64.Build.0 = Release|x64
		{51B0F25A-5E9F-4286-A26E-9891CB4DEC9F}.Release|x86.ActiveCfg = Release|Any CPU
		{51B0F25A-5E9F-4286-A26E-9891CB4DEC9F}.SingleImage|Any CPU.ActiveCfg = Release|Any CPU
		{51B0F25A-5E9F-4286-A26E-9891CB4DEC9F}.SingleImage|Any CPU.Build.0 = Release|Any CPU
		{51B0F25A-5E9F-4286-A26E-9891CB4DEC9F}.SingleImage|Mixed Platforms.ActiveCfg = Release|Any CPU
		{51B0F25A-5E9F-4286-A26E-9891CB4DEC9F}.SingleImage|Mixed Platforms.Build.0 = Release|Any CPU
		{51B0F25A-5E9F-4286-A26E-9891CB4DEC9F}.SingleImage|x64.ActiveCfg = Release|x64
		{51B0F25A-5E9F-4286-A26E-9891CB4DEC9F}.SingleImage|x64.Build.0 = Release|x64
		{51B0F25A-5E9F-4286-A26E-9891CB4DEC9F}.SingleImage|x86.ActiveCfg = Release|Any CPU
		{1B1BA4ED-1063-41FE-8681-E0E57AEA339A}.CD_ROM|Any CPU.ActiveCfg = Release|Any CPU
		{1B1BA4ED-1063-41FE-8681-E0E57AEA339A}.CD_ROM|Any CPU.Build.0 = Release|Any CPU
		{1B1BA4ED-1063-41FE-8681-E0E57AEA339A}.CD_ROM|Mixed Platforms.ActiveCfg = Release|Any CPU
		{1B1BA4ED-1063-41FE-8681-E0E57AEA339A}.CD_ROM|Mixed Platforms.Build.0 = Release|Any CPU
		{1B1BA4ED-1063-41FE-8681-E0E57AEA339A}.CD_ROM|x64.ActiveCfg = Release|x64
		{1B1BA4ED-1063-41FE-8681-E0E57AEA339A}.CD_ROM|x64.Build.0 = Release|x64
		{1B1BA4ED-1063-41FE-8681-E0E57AEA339A}.CD_ROM|x86.ActiveCfg = Release|Any CPU
		{1B1BA4ED-1063-41FE-8681-E0E57AEA339A}.Debug|Any CPU.ActiveCfg = Debug|Any CPU
		{1B1BA4ED-1063-41FE-8681-E0E57AEA339A}.Debug|Any CPU.Build.0 = Debug|Any CPU
		{1B1BA4ED-1063-41FE-8681-E0E57AEA339A}.Debug|Mixed Platforms.ActiveCfg = Debug|Any CPU
		{1B1BA4ED-1063-41FE-8681-E0E57AEA339A}.Debug|Mixed Platforms.Build.0 = Debug|Any CPU
		{1B1BA4ED-1063-41FE-8681-E0E57AEA339A}.Debug|x64.ActiveCfg = Debug|x64
		{1B1BA4ED-1063-41FE-8681-E0E57AEA339A}.Debug|x64.Build.0 = Debug|x64
		{1B1BA4ED-1063-41FE-8681-E0E57AEA339A}.Debug|x86.ActiveCfg = Debug|Any CPU
		{1B1BA4ED-1063-41FE-8681-E0E57AEA339A}.DVD-5|Any CPU.ActiveCfg = Debug|Any CPU
		{1B1BA4ED-1063-41FE-8681-E0E57AEA339A}.DVD-5|Any CPU.Build.0 = Debug|Any CPU
		{1B1BA4ED-1063-41FE-8681-E0E57AEA339A}.DVD-5|Mixed Platforms.ActiveCfg = Debug|Any CPU
		{1B1BA4ED-1063-41FE-8681-E0E57AEA339A}.DVD-5|Mixed Platforms.Build.0 = Debug|Any CPU
		{1B1BA4ED-1063-41FE-8681-E0E57AEA339A}.DVD-5|x64.ActiveCfg = Debug|x64
		{1B1BA4ED-1063-41FE-8681-E0E57AEA339A}.DVD-5|x64.Build.0 = Debug|x64
		{1B1BA4ED-1063-41FE-8681-E0E57AEA339A}.DVD-5|x86.ActiveCfg = Debug|Any CPU
		{1B1BA4ED-1063-41FE-8681-E0E57AEA339A}.Release|Any CPU.ActiveCfg = Release|Any CPU
		{1B1BA4ED-1063-41FE-8681-E0E57AEA339A}.Release|Any CPU.Build.0 = Release|Any CPU
		{1B1BA4ED-1063-41FE-8681-E0E57AEA339A}.Release|Mixed Platforms.ActiveCfg = Release|Any CPU
		{1B1BA4ED-1063-41FE-8681-E0E57AEA339A}.Release|Mixed Platforms.Build.0 = Release|Any CPU
		{1B1BA4ED-1063-41FE-8681-E0E57AEA339A}.Release|x64.ActiveCfg = Release|x64
		{1B1BA4ED-1063-41FE-8681-E0E57AEA339A}.Release|x64.Build.0 = Release|x64
		{1B1BA4ED-1063-41FE-8681-E0E57AEA339A}.Release|x86.ActiveCfg = Release|Any CPU
		{1B1BA4ED-1063-41FE-8681-E0E57AEA339A}.SingleImage|Any CPU.ActiveCfg = Release|Any CPU
		{1B1BA4ED-1063-41FE-8681-E0E57AEA339A}.SingleImage|Any CPU.Build.0 = Release|Any CPU
		{1B1BA4ED-1063-41FE-8681-E0E57AEA339A}.SingleImage|Mixed Platforms.ActiveCfg = Release|Any CPU
		{1B1BA4ED-1063-41FE-8681-E0E57AEA339A}.SingleImage|Mixed Platforms.Build.0 = Release|Any CPU
		{1B1BA4ED-1063-41FE-8681-E0E57AEA339A}.SingleImage|x64.ActiveCfg = Release|x64
		{1B1BA4ED-1063-41FE-8681-E0E57AEA339A}.SingleImage|x64.Build.0 = Release|x64
		{1B1BA4ED-1063-41FE-8681-E0E57AEA339A}.SingleImage|x86.ActiveCfg = Release|Any CPU
		{BDD75A47-C412-4C09-BC43-2CC2146ECA1D}.CD_ROM|Any CPU.ActiveCfg = Release|Any CPU
		{BDD75A47-C412-4C09-BC43-2CC2146ECA1D}.CD_ROM|Any CPU.Build.0 = Release|Any CPU
		{BDD75A47-C412-4C09-BC43-2CC2146ECA1D}.CD_ROM|Mixed Platforms.ActiveCfg = Release|Any CPU
		{BDD75A47-C412-4C09-BC43-2CC2146ECA1D}.CD_ROM|Mixed Platforms.Build.0 = Release|Any CPU
		{BDD75A47-C412-4C09-BC43-2CC2146ECA1D}.CD_ROM|x64.ActiveCfg = Release|Any CPU
		{BDD75A47-C412-4C09-BC43-2CC2146ECA1D}.CD_ROM|x86.ActiveCfg = Release|Any CPU
		{BDD75A47-C412-4C09-BC43-2CC2146ECA1D}.Debug|Any CPU.ActiveCfg = Debug|Any CPU
		{BDD75A47-C412-4C09-BC43-2CC2146ECA1D}.Debug|Any CPU.Build.0 = Debug|Any CPU
		{BDD75A47-C412-4C09-BC43-2CC2146ECA1D}.Debug|Mixed Platforms.ActiveCfg = Debug|Any CPU
		{BDD75A47-C412-4C09-BC43-2CC2146ECA1D}.Debug|Mixed Platforms.Build.0 = Debug|Any CPU
		{BDD75A47-C412-4C09-BC43-2CC2146ECA1D}.Debug|x64.ActiveCfg = Debug|x64
		{BDD75A47-C412-4C09-BC43-2CC2146ECA1D}.Debug|x64.Build.0 = Debug|x64
		{BDD75A47-C412-4C09-BC43-2CC2146ECA1D}.Debug|x86.ActiveCfg = Debug|Any CPU
		{BDD75A47-C412-4C09-BC43-2CC2146ECA1D}.DVD-5|Any CPU.ActiveCfg = Debug|Any CPU
		{BDD75A47-C412-4C09-BC43-2CC2146ECA1D}.DVD-5|Any CPU.Build.0 = Debug|Any CPU
		{BDD75A47-C412-4C09-BC43-2CC2146ECA1D}.DVD-5|Mixed Platforms.ActiveCfg = Debug|Any CPU
		{BDD75A47-C412-4C09-BC43-2CC2146ECA1D}.DVD-5|Mixed Platforms.Build.0 = Debug|Any CPU
		{BDD75A47-C412-4C09-BC43-2CC2146ECA1D}.DVD-5|x64.ActiveCfg = Debug|Any CPU
		{BDD75A47-C412-4C09-BC43-2CC2146ECA1D}.DVD-5|x86.ActiveCfg = Debug|Any CPU
		{BDD75A47-C412-4C09-BC43-2CC2146ECA1D}.Release|Any CPU.ActiveCfg = Release|Any CPU
		{BDD75A47-C412-4C09-BC43-2CC2146ECA1D}.Release|Any CPU.Build.0 = Release|Any CPU
		{BDD75A47-C412-4C09-BC43-2CC2146ECA1D}.Release|Mixed Platforms.ActiveCfg = Release|Any CPU
		{BDD75A47-C412-4C09-BC43-2CC2146ECA1D}.Release|Mixed Platforms.Build.0 = Release|Any CPU
		{BDD75A47-C412-4C09-BC43-2CC2146ECA1D}.Release|x64.ActiveCfg = Release|x64
		{BDD75A47-C412-4C09-BC43-2CC2146ECA1D}.Release|x64.Build.0 = Release|x64
		{BDD75A47-C412-4C09-BC43-2CC2146ECA1D}.Release|x86.ActiveCfg = Release|Any CPU
		{BDD75A47-C412-4C09-BC43-2CC2146ECA1D}.SingleImage|Any CPU.ActiveCfg = Release|Any CPU
		{BDD75A47-C412-4C09-BC43-2CC2146ECA1D}.SingleImage|Any CPU.Build.0 = Release|Any CPU
		{BDD75A47-C412-4C09-BC43-2CC2146ECA1D}.SingleImage|Mixed Platforms.ActiveCfg = Release|Any CPU
		{BDD75A47-C412-4C09-BC43-2CC2146ECA1D}.SingleImage|Mixed Platforms.Build.0 = Release|Any CPU
		{BDD75A47-C412-4C09-BC43-2CC2146ECA1D}.SingleImage|x64.ActiveCfg = Release|Any CPU
		{BDD75A47-C412-4C09-BC43-2CC2146ECA1D}.SingleImage|x86.ActiveCfg = Release|Any CPU
		{C428F230-927F-480D-BB9C-FF5AFC649CF7}.CD_ROM|Any CPU.ActiveCfg = Release|Any CPU
		{C428F230-927F-480D-BB9C-FF5AFC649CF7}.CD_ROM|Any CPU.Build.0 = Release|Any CPU
		{C428F230-927F-480D-BB9C-FF5AFC649CF7}.CD_ROM|Mixed Platforms.ActiveCfg = Release|Any CPU
		{C428F230-927F-480D-BB9C-FF5AFC649CF7}.CD_ROM|Mixed Platforms.Build.0 = Release|Any CPU
		{C428F230-927F-480D-BB9C-FF5AFC649CF7}.CD_ROM|x64.ActiveCfg = Release|Any CPU
		{C428F230-927F-480D-BB9C-FF5AFC649CF7}.CD_ROM|x86.ActiveCfg = Release|Any CPU
		{C428F230-927F-480D-BB9C-FF5AFC649CF7}.Debug|Any CPU.ActiveCfg = Debug|Any CPU
		{C428F230-927F-480D-BB9C-FF5AFC649CF7}.Debug|Any CPU.Build.0 = Debug|Any CPU
		{C428F230-927F-480D-BB9C-FF5AFC649CF7}.Debug|Mixed Platforms.ActiveCfg = Debug|Any CPU
		{C428F230-927F-480D-BB9C-FF5AFC649CF7}.Debug|Mixed Platforms.Build.0 = Debug|Any CPU
		{C428F230-927F-480D-BB9C-FF5AFC649CF7}.Debug|x64.ActiveCfg = Debug|x64
		{C428F230-927F-480D-BB9C-FF5AFC649CF7}.Debug|x64.Build.0 = Debug|x64
		{C428F230-927F-480D-BB9C-FF5AFC649CF7}.Debug|x86.ActiveCfg = Debug|Any CPU
		{C428F230-927F-480D-BB9C-FF5AFC649CF7}.DVD-5|Any CPU.ActiveCfg = Debug|Any CPU
		{C428F230-927F-480D-BB9C-FF5AFC649CF7}.DVD-5|Any CPU.Build.0 = Debug|Any CPU
		{C428F230-927F-480D-BB9C-FF5AFC649CF7}.DVD-5|Mixed Platforms.ActiveCfg = Debug|Any CPU
		{C428F230-927F-480D-BB9C-FF5AFC649CF7}.DVD-5|Mixed Platforms.Build.0 = Debug|Any CPU
		{C428F230-927F-480D-BB9C-FF5AFC649CF7}.DVD-5|x64.ActiveCfg = Debug|Any CPU
		{C428F230-927F-480D-BB9C-FF5AFC649CF7}.DVD-5|x86.ActiveCfg = Debug|Any CPU
		{C428F230-927F-480D-BB9C-FF5AFC649CF7}.Release|Any CPU.ActiveCfg = Release|Any CPU
		{C428F230-927F-480D-BB9C-FF5AFC649CF7}.Release|Any CPU.Build.0 = Release|Any CPU
		{C428F230-927F-480D-BB9C-FF5AFC649CF7}.Release|Mixed Platforms.ActiveCfg = Release|Any CPU
		{C428F230-927F-480D-BB9C-FF5AFC649CF7}.Release|Mixed Platforms.Build.0 = Release|Any CPU
		{C428F230-927F-480D-BB9C-FF5AFC649CF7}.Release|x64.ActiveCfg = Release|x64
		{C428F230-927F-480D-BB9C-FF5AFC649CF7}.Release|x64.Build.0 = Release|x64
		{C428F230-927F-480D-BB9C-FF5AFC649CF7}.Release|x86.ActiveCfg = Release|Any CPU
		{C428F230-927F-480D-BB9C-FF5AFC649CF7}.SingleImage|Any CPU.ActiveCfg = Release|Any CPU
		{C428F230-927F-480D-BB9C-FF5AFC649CF7}.SingleImage|Any CPU.Build.0 = Release|Any CPU
		{C428F230-927F-480D-BB9C-FF5AFC649CF7}.SingleImage|Mixed Platforms.ActiveCfg = Release|Any CPU
		{C428F230-927F-480D-BB9C-FF5AFC649CF7}.SingleImage|Mixed Platforms.Build.0 = Release|Any CPU
		{C428F230-927F-480D-BB9C-FF5AFC649CF7}.SingleImage|x64.ActiveCfg = Release|Any CPU
		{C428F230-927F-480D-BB9C-FF5AFC649CF7}.SingleImage|x86.ActiveCfg = Release|Any CPU
	EndGlobalSection
	GlobalSection(SolutionProperties) = preSolution
		HideSolutionNode = FALSE
	EndGlobalSection
	GlobalSection(NestedProjects) = preSolution
		{8EDE0744-96C2-40B0-A8DC-37DF79370203} = {F62A6C2C-8EBF-4A27-840B-9F1E771AD53B}
		{F54B4AD1-305E-4089-A1A0-FB9EE5A84040} = {F62A6C2C-8EBF-4A27-840B-9F1E771AD53B}
		{CB7BDB4D-923F-4C4E-BB20-68DBDC33C10A} = {F62A6C2C-8EBF-4A27-840B-9F1E771AD53B}
		{568D0194-FEE7-460E-A036-B8FE72977C50} = {F62A6C2C-8EBF-4A27-840B-9F1E771AD53B}
		{3643A69A-080F-473C-B10C-2E22D42BF018} = {2F24EF41-2A61-4FAB-A5ED-E6B1D093BE96}
		{BDD75A47-C412-4C09-BC43-2CC2146ECA1D} = {2F24EF41-2A61-4FAB-A5ED-E6B1D093BE96}
		{056741A2-2EFE-417C-993B-25358CD42209} = {E0E7D840-6343-46D1-BA10-3F05A72B475E}
		{C428F230-927F-480D-BB9C-FF5AFC649CF7} = {E0E7D840-6343-46D1-BA10-3F05A72B475E}
		{F45525AF-F994-42AF-B468-8F0C4AB6571F} = {5783EFEC-A331-41F5-B108-DDFE92EF9544}
		{51B0F25A-5E9F-4286-A26E-9891CB4DEC9F} = {5783EFEC-A331-41F5-B108-DDFE92EF9544}
		{1B1BA4ED-1063-41FE-8681-E0E57AEA339A} = {5783EFEC-A331-41F5-B108-DDFE92EF9544}
		{8A577819-97C7-44FD-8EEC-470952C82250} = {3DFA349A-27C5-4FDF-B29F-3EB92FA0770B}
		{94A86196-452A-49DC-B0B8-CF4D85586877} = {3DFA349A-27C5-4FDF-B29F-3EB92FA0770B}
		{235D3CC6-42AF-419C-ABDA-1342D38A0492} = {8A577819-97C7-44FD-8EEC-470952C82250}
		{1FDC25B8-AA4F-422A-B7F5-A569AFB1511D} = {8A577819-97C7-44FD-8EEC-470952C82250}
		{14A04210-E080-4879-BD10-185C3A41E68D} = {8A577819-97C7-44FD-8EEC-470952C82250}
		{0BD15B34-1A31-4581-8026-52028702CD2C} = {8A577819-97C7-44FD-8EEC-470952C82250}
		{AFCAB6B3-FB13-41B3-810B-0512F28B7005} = {8A577819-97C7-44FD-8EEC-470952C82250}
	EndGlobalSection
	GlobalSection(ExtensibilityGlobals) = postSolution
		EnterpriseLibraryConfigurationToolBinariesPathV6 = packages\EnterpriseLibrary.Common.6.0.1304.0\lib\NET45;packages\EnterpriseLibrary.Logging.6.0.1304.0\lib\NET45
	EndGlobalSection
EndGlobal
